
Microsoft Visual Studio Solution File, Format Version 12.00
# Visual Studio Version 16
VisualStudioVersion = 16.0.31515.178
MinimumVisualStudioVersion = 10.0.40219.1
Project("{9A19103F-16F7-4668-BE54-9A1E7A4F7556}") = "AudioDownloader", "AudioDownloader\AudioDownloader.csproj", "{15574ED3-29E4-46FD-95D5-D4B159456736}"
EndProject
Global
	GlobalSection(SolutionConfigurationPlatforms) = preSolution
		Debug|Any CPU = Debug|Any CPU
		Release|Any CPU = Release|Any CPU
	EndGlobalSection
	GlobalSection(ProjectConfigurationPlatforms) = postSolution
		{15574ED3-29E4-46FD-95D5-D4B159456736}.Debug|Any CPU.ActiveCfg = Debug|Any CPU
		{15574ED3-29E4-46FD-95D5-D4B159456736}.Debug|Any CPU.Build.0 = Debug|Any CPU
		{15574ED3-29E4-46FD-95D5-D4B159456736}.Release|Any CPU.ActiveCfg = Release|Any CPU
		{15574ED3-29E4-46FD-95D5-D4B159456736}.Release|Any CPU.Build.0 = Release|Any CPU
	EndGlobalSection
	GlobalSection(SolutionProperties) = preSolution
		HideSolutionNode = FALSE
	EndGlobalSection
	GlobalSection(ExtensibilityGlobals) = postSolution
		SolutionGuid = {56A90A4E-393C-4E90-B756-AAA3C4A09B44}
	EndGlobalSection
EndGlobal
